
Microsoft Visual Studio Solution File, Format Version 12.00
# Visual Studio Version 17
VisualStudioVersion = 17.13.35806.99 d17.13
MinimumVisualStudioVersion = 10.0.40219.1
Project("{FAE04EC0-301F-11D3-BF4B-00C04F79EFBC}") = "BDISimpre", "BDISimpre\BDISimpre.csproj", "{4ED0BB98-57DD-4450-9234-2CC9D3A76BB7}"
EndProject
Global
	GlobalSection(SolutionConfigurationPlatforms) = preSolution
		Debug|Any CPU = Debug|Any CPU
		Release|Any CPU = Release|Any CPU
	EndGlobalSection
	GlobalSection(ProjectConfigurationPlatforms) = postSolution
		{4ED0BB98-57DD-4450-9234-2CC9D3A76BB7}.Debug|Any CPU.ActiveCfg = Debug|Any CPU
		{4ED0BB98-57DD-4450-9234-2CC9D3A76BB7}.Debug|Any CPU.Build.0 = Debug|Any CPU
		{4ED0BB98-57DD-4450-9234-2CC9D3A76BB7}.Release|Any CPU.ActiveCfg = Release|Any CPU
		{4ED0BB98-57DD-4450-9234-2CC9D3A76BB7}.Release|Any CPU.Build.0 = Release|Any CPU
	EndGlobalSection
	GlobalSection(SolutionProperties) = preSolution
		HideSolutionNode = FALSE
	EndGlobalSection
	GlobalSection(ExtensibilityGlobals) = postSolution
		SolutionGuid = {FDA1B3D6-B0BF-4970-9DBA-D0F2CAC87A9B}
	EndGlobalSection
EndGlobal
